<?xml version="1.0" encoding="utf-8"?>
<Project ToolsVersion="4.0" xmlns="http://schemas.microsoft.com/developer/msbuild/2003">
  <ItemGroup>
    <Filter Include="源文件">
      <UniqueIdentifier>{4FC737F1-C7A5-4376-A066-2A32D752A2FF}</UniqueIdentifier>
      <Extensions>cpp;c;cc;cxx;def;odl;idl;hpj;bat;asm;asmx</Extensions>
    </Filter>
    <Filter Include="头文件">
      <UniqueIdentifier>{93995380-89BD-4b04-88EB-625FBE52EBFB}</UniqueIdentifier>
      <Extensions>h;hh;hpp;hxx;hm;inl;inc;ipp;xsd</Extensions>
    </Filter>
    <Filter Include="源文件\UNAC">
      <UniqueIdentifier>{4d71c5d1-3c37-4aa5-9b3a-655f230d8b67}</UniqueIdentifier>
    </Filter>
    <Filter Include="源文件\Insteresting AC stuff">
      <UniqueIdentifier>{9fbf1e30-9308-48f5-9b7e-6ee915e64664}</UniqueIdentifier>
    </Filter>
    <Filter Include="源文件\The 2018 ACM-ICPC Asia Nanjing Regional Programming Contest">
      <UniqueIdentifier>{d4ca1c90-12ed-47b0-8ae5-bb1ddcf40b9d}</UniqueIdentifier>
    </Filter>
    <Filter Include="源文件\紫书">
      <UniqueIdentifier>{294310b8-201d-49ed-a1ff-261b0341daff}</UniqueIdentifier>
    </Filter>
    <Filter Include="源文件\线段树">
      <UniqueIdentifier>{9d4d3bec-7251-46aa-b62e-2434f7874991}</UniqueIdentifier>
    </Filter>
    <Filter Include="资源文件">
      <UniqueIdentifier>{67DA6AB6-F800-4c08-8B7A-83BB121AAD01}</UniqueIdentifier>
      <Extensions>rc;ico;cur;bmp;dlg;rc2;rct;bin;rgs;gif;jpg;jpeg;jpe;resx;tiff;tif;png;wav;mfcribbon-ms</Extensions>
    </Filter>
    <Filter Include="源文件\The 2019 Asia Yinchuan First Round Online Programming">
      <UniqueIdentifier>{b22806bb-6374-4483-bc4f-db63dcb6e500}</UniqueIdentifier>
    </Filter>
    <Filter Include="源文件\The Preliminary Contest for ICPC Asia Nanjing 2019">
      <UniqueIdentifier>{0d134f1d-8df4-4243-92fe-e1b9f2857f0d}</UniqueIdentifier>
    </Filter>
    <Filter Include="源文件\The Preliminary Contest for ICPC Asia Xuzhou 2019">
      <UniqueIdentifier>{9a9251d8-3a9d-4ba3-9a27-60d02c483db6}</UniqueIdentifier>
    </Filter>
    <Filter Include="源文件\CodeForces">
      <UniqueIdentifier>{c1e99802-4266-4b4a-848e-28a8bd699ba9}</UniqueIdentifier>
    </Filter>
    <Filter Include="源文件\CodeForces\8-20 codeforces">
      <UniqueIdentifier>{bd9ebdf6-fbee-4bc6-a330-e4f86149ff9f}</UniqueIdentifier>
    </Filter>
    <Filter Include="源文件\CodeForces\8-22 codeforces">
      <UniqueIdentifier>{22944768-a30b-4c1a-8dc4-3d7241d1f9be}</UniqueIdentifier>
    </Filter>
    <Filter Include="源文件\CodeForces\8-30 codeforces">
      <UniqueIdentifier>{232c58d0-a534-4388-ac17-ae1650c76eb3}</UniqueIdentifier>
    </Filter>
    <Filter Include="源文件\CodeForces\Pratice">
      <UniqueIdentifier>{06c1bdec-cebf-4cd8-b44c-ae4cec18964c}</UniqueIdentifier>
    </Filter>
    <Filter Include="源文件\PTA">
      <UniqueIdentifier>{c8ffae1c-5a74-44c7-ac6e-c48ebea7afcb}</UniqueIdentifier>
    </Filter>
    <Filter Include="源文件\CCF">
      <UniqueIdentifier>{891b67fb-f58d-4574-83d6-a75a9ecbcb6c}</UniqueIdentifier>
    </Filter>
    <Filter Include="源文件\CSP认证2019-09-15">
      <UniqueIdentifier>{7e2b14e4-f193-4684-b124-c0c9bf43efe2}</UniqueIdentifier>
    </Filter>
    <Filter Include="源文件\CodeForces\9-21 codeforces">
      <UniqueIdentifier>{4f5f2840-741c-4376-99c9-b55173c5580d}</UniqueIdentifier>
    </Filter>
    <Filter Include="源文件\训练赛">
      <UniqueIdentifier>{b9d8d197-70f3-43b4-937b-15d1ca6395e1}</UniqueIdentifier>
    </Filter>
    <Filter Include="源文件\8-23 ccpc">
      <UniqueIdentifier>{c8fccc03-c80a-40e9-9592-9fa22ae91982}</UniqueIdentifier>
    </Filter>
    <Filter Include="源文件\训练赛\8-22训练赛">
      <UniqueIdentifier>{cfb3874e-32d0-4cf3-9057-d1ed4f57f5d6}</UniqueIdentifier>
    </Filter>
    <Filter Include="源文件\训练赛\8-30淘汰赛">
      <UniqueIdentifier>{0c052514-f0c2-44ed-865c-bafa538376da}</UniqueIdentifier>
    </Filter>
    <Filter Include="源文件\训练赛\9-22训练赛">
      <UniqueIdentifier>{b23b6b5b-1df3-4c02-ad80-bbf5a3866939}</UniqueIdentifier>
    </Filter>
    <Filter Include="源文件\CodeForces\9-29 codeforces">
      <UniqueIdentifier>{e23a4e60-545a-4f43-be13-85ad3e0c07f1}</UniqueIdentifier>
    </Filter>
    <Filter Include="源文件\训练赛\大二上学期训练">
      <UniqueIdentifier>{fe5e629e-bf1f-463a-865f-b636fe8ad1ce}</UniqueIdentifier>
    </Filter>
    <Filter Include="源文件\CodeForces\9-23 codeforces 1230">
      <UniqueIdentifier>{825b5604-548f-4bb4-a8c0-704f99982ba4}</UniqueIdentifier>
    </Filter>
    <Filter Include="源文件\CometOj">
      <UniqueIdentifier>{bb7e0651-606b-4400-9fb3-6538e97c0993}</UniqueIdentifier>
    </Filter>
    <Filter Include="源文件\CodeForces\10-13 codeforces">
      <UniqueIdentifier>{b334e480-298b-432d-bba6-d2ab2f2f15e1}</UniqueIdentifier>
    </Filter>
    <Filter Include="源文件\AC">
      <UniqueIdentifier>{30e0be28-ba38-44ae-99bf-b4bcf3ef927a}</UniqueIdentifier>
    </Filter>
  </ItemGroup>
  <ItemGroup>
    <ClCompile Include="【洛谷】密码.cpp">
      <Filter>源文件\AC</Filter>
    </ClCompile>
    <ClCompile Include="烤鸡调料.cpp">
      <Filter>源文件\UNAC</Filter>
    </ClCompile>
    <ClCompile Include="陶陶果子2.cpp">
      <Filter>源文件\AC</Filter>
    </ClCompile>
    <ClCompile Include="仰视奶牛.cpp">
      <Filter>源文件\UNAC</Filter>
    </ClCompile>
    <ClCompile Include="A Simple Math Problem%28exgcd%29.cpp">
      <Filter>源文件\UNAC</Filter>
    </ClCompile>
    <ClCompile Include="A.cpp">
      <Filter>源文件\AC</Filter>
    </ClCompile>
    <ClCompile Include="cf b.cpp">
      <Filter>源文件\AC</Filter>
    </ClCompile>
    <ClCompile Include="Easy As A+B.cpp">
      <Filter>源文件\AC</Filter>
    </ClCompile>
    <ClCompile Include="Fancy Fence .cpp">
      <Filter>源文件\AC</Filter>
    </ClCompile>
    <ClCompile Include="ISBN.cpp">
      <Filter>源文件\AC</Filter>
    </ClCompile>
    <ClCompile Include="Milk.cpp">
      <Filter>源文件\AC</Filter>
    </ClCompile>
    <ClCompile Include="P1002 DFS（TLE）.cpp">
      <Filter>源文件\AC</Filter>
    </ClCompile>
    <ClCompile Include="POJ 3070 Fabonacci（矩阵快速幂）.cpp">
      <Filter>源文件\AC</Filter>
    </ClCompile>
    <ClCompile Include="Rails.cpp">
      <Filter>源文件\AC</Filter>
    </ClCompile>
    <ClCompile Include="RopeWALKER.cpp">
      <Filter>源文件\AC</Filter>
    </ClCompile>
    <ClCompile Include="The Block Problem.cpp">
      <Filter>源文件\AC</Filter>
    </ClCompile>
    <ClCompile Include="The Third Cup is Free .cpp">
      <Filter>源文件\AC</Filter>
    </ClCompile>
    <ClCompile Include="Three Piles of Candies.cpp">
      <Filter>源文件\AC</Filter>
    </ClCompile>
    <ClCompile Include="T-primes.cpp">
      <Filter>源文件\AC</Filter>
    </ClCompile>
    <ClCompile Include="Ugly Numbers.cpp">
      <Filter>源文件\AC</Filter>
    </ClCompile>
    <ClCompile Include="Uva10474.cpp">
      <Filter>源文件\AC</Filter>
    </ClCompile>
    <ClCompile Include="Vim.cpp">
      <Filter>源文件\AC</Filter>
    </ClCompile>
    <ClCompile Include="Your Ride is here.cpp">
      <Filter>源文件\AC</Filter>
    </ClCompile>
    <ClCompile Include="zhl飞行棋.cpp">
      <Filter>源文件\AC</Filter>
    </ClCompile>
    <ClCompile Include="计数问题.cpp">
      <Filter>源文件\AC</Filter>
    </ClCompile>
    <ClCompile Include="开门人和关门人.cpp">
      <Filter>源文件\AC</Filter>
    </ClCompile>
    <ClCompile Include="迷宫.cpp">
      <Filter>源文件\AC</Filter>
    </ClCompile>
    <ClCompile Include="排名.cpp">
      <Filter>源文件\AC</Filter>
    </ClCompile>
    <ClCompile Include="苹果.cpp">
      <Filter>源文件\AC</Filter>
    </ClCompile>
    <ClCompile Include="青蛙见面.cpp">
      <Filter>源文件\AC</Filter>
    </ClCompile>
    <ClCompile Include="谁没睡.cpp">
      <Filter>源文件\AC</Filter>
    </ClCompile>
    <ClCompile Include="文件操作测试.cpp">
      <Filter>源文件\AC</Filter>
    </ClCompile>
    <ClCompile Include="游泳航程%28AC%29.cpp">
      <Filter>源文件\AC</Filter>
    </ClCompile>
    <ClCompile Include="又见GCD.cpp">
      <Filter>源文件\AC</Filter>
    </ClCompile>
    <ClCompile Include="素数回文（无耻的打表）.cpp">
      <Filter>源文件\UNAC</Filter>
    </ClCompile>
    <ClCompile Include="Email frome Polycarp%28WA%29.cpp">
      <Filter>源文件\UNAC</Filter>
    </ClCompile>
    <ClCompile Include="开门人和关门人（WA%29.cpp">
      <Filter>源文件\UNAC</Filter>
    </ClCompile>
    <ClCompile Include="排名%28STL WA%29.cpp">
      <Filter>源文件\UNAC</Filter>
    </ClCompile>
    <ClCompile Include="素数回文%28MLE%29.cpp">
      <Filter>源文件\UNAC</Filter>
    </ClCompile>
    <ClCompile Include="Modular Exponentiation.cpp">
      <Filter>源文件\AC</Filter>
    </ClCompile>
    <ClCompile Include="Christmas Spruce.cpp">
      <Filter>源文件\UNAC</Filter>
    </ClCompile>
    <ClCompile Include="Largest Rectangle in a Histogram.cpp">
      <Filter>源文件\Insteresting AC stuff</Filter>
    </ClCompile>
    <ClCompile Include="FatMouse.cpp">
      <Filter>源文件\AC</Filter>
    </ClCompile>
    <ClCompile Include="组合数.cpp">
      <Filter>源文件\AC</Filter>
    </ClCompile>
    <ClCompile Include="小花布.cpp">
      <Filter>源文件\AC</Filter>
    </ClCompile>
    <ClCompile Include="美国大选.cpp">
      <Filter>源文件\AC</Filter>
    </ClCompile>
    <ClCompile Include="矩形a+b.cpp">
      <Filter>源文件\AC</Filter>
    </ClCompile>
    <ClCompile Include="分数和.cpp">
      <Filter>源文件\AC</Filter>
    </ClCompile>
    <ClCompile Include="Maze.cpp">
      <Filter>源文件\AC</Filter>
    </ClCompile>
    <ClCompile Include="KIll bats.cpp">
      <Filter>源文件\AC</Filter>
    </ClCompile>
    <ClCompile Include="Jessica book.cpp">
      <Filter>源文件\AC</Filter>
    </ClCompile>
    <ClCompile Include="A substr.cpp">
      <Filter>源文件\AC</Filter>
    </ClCompile>
    <ClCompile Include="二分砍树.cpp">
      <Filter>源文件\AC</Filter>
    </ClCompile>
    <ClCompile Include="未知题目.cpp">
      <Filter>源文件\AC</Filter>
    </ClCompile>
    <ClCompile Include="杭州车牌.cpp">
      <Filter>源文件\Insteresting AC stuff</Filter>
    </ClCompile>
    <ClCompile Include="二分POJ 2456.cpp">
      <Filter>源文件\AC</Filter>
    </ClCompile>
    <ClCompile Include="（POW精度问题）快速幂A Math Problem.cpp">
      <Filter>源文件\Insteresting AC stuff</Filter>
    </ClCompile>
    <ClCompile Include="二分跳石头.cpp">
      <Filter>源文件\AC</Filter>
    </ClCompile>
    <ClCompile Include="暴力烤鸡.cpp">
      <Filter>源文件\UNAC</Filter>
    </ClCompile>
    <ClCompile Include="A.Adrien and Austin .cpp">
      <Filter>源文件\The 2018 ACM-ICPC Asia Nanjing Regional Programming Contest</Filter>
    </ClCompile>
    <ClCompile Include="美素数.cpp">
      <Filter>源文件\AC</Filter>
    </ClCompile>
    <ClCompile Include="素因子.cpp">
      <Filter>源文件\AC</Filter>
    </ClCompile>
    <ClCompile Include="Pie（模拟）.cpp">
      <Filter>源文件\UNAC</Filter>
    </ClCompile>
    <ClCompile Include="二分pie.cpp">
      <Filter>源文件\AC</Filter>
    </ClCompile>
    <ClCompile Include="Odd Sum Segments.cpp">
      <Filter>源文件</Filter>
    </ClCompile>
    <ClCompile Include="Ilya Long Walk.cpp">
      <Filter>源文件\AC</Filter>
    </ClCompile>
    <ClCompile Include="Curious Robin Hood.cpp">
      <Filter>源文件\线段树</Filter>
    </ClCompile>
    <ClCompile Include="小鱼会有危险吗.cpp">
      <Filter>源文件\AC</Filter>
    </ClCompile>
    <ClCompile Include="数字反转.cpp">
      <Filter>源文件\AC</Filter>
    </ClCompile>
    <ClCompile Include="8-20A.cpp">
      <Filter>源文件\CodeForces\8-20 codeforces</Filter>
    </ClCompile>
    <ClCompile Include="8-20B.cpp">
      <Filter>源文件\CodeForces\8-20 codeforces</Filter>
    </ClCompile>
    <ClCompile Include="Buy Tickets.cpp">
      <Filter>源文件\线段树</Filter>
    </ClCompile>
    <ClCompile Include="Queue.cpp">
      <Filter>源文件\线段树</Filter>
    </ClCompile>
    <ClCompile Include="Balanced Substring.cpp">
      <Filter>源文件\AC</Filter>
    </ClCompile>
    <ClCompile Include="CCPC 1006.cpp">
      <Filter>源文件\8-23 ccpc</Filter>
    </ClCompile>
    <ClCompile Include="CCPC 1001.cpp">
      <Filter>源文件\8-23 ccpc</Filter>
    </ClCompile>
    <ClCompile Include="CCPC 1007.cpp">
      <Filter>源文件\8-23 ccpc</Filter>
    </ClCompile>
    <ClCompile Include="8-22 A.cpp">
      <Filter>源文件\CodeForces\8-22 codeforces</Filter>
    </ClCompile>
    <ClCompile Include="8-22 CF B.cpp">
      <Filter>源文件\CodeForces\8-22 codeforces</Filter>
    </ClCompile>
    <ClCompile Include="8-22J.cpp">
      <Filter>源文件\训练赛\8-22训练赛</Filter>
    </ClCompile>
    <ClCompile Include="8-22B.cpp">
      <Filter>源文件\训练赛\8-22训练赛</Filter>
    </ClCompile>
    <ClCompile Include="8-22F.cpp">
      <Filter>源文件\训练赛\8-22训练赛</Filter>
    </ClCompile>
    <ClCompile Include="8-22I.cpp">
      <Filter>源文件\训练赛\8-22训练赛</Filter>
    </ClCompile>
    <ClCompile Include="酸菜鱼线段树D.cpp">
      <Filter>源文件\线段树</Filter>
    </ClCompile>
    <ClCompile Include="测试数据生成姬.cpp">
      <Filter>源文件</Filter>
    </ClCompile>
    <ClCompile Include="Crossword Answers.cpp">
      <Filter>源文件\紫书</Filter>
    </ClCompile>
    <ClCompile Include="All In All.cpp">
      <Filter>源文件\紫书</Filter>
    </ClCompile>
    <ClCompile Include="KickDown.cpp">
      <Filter>源文件\紫书</Filter>
    </ClCompile>
    <ClCompile Include="01string.cpp">
      <Filter>源文件\紫书</Filter>
    </ClCompile>
    <ClCompile Include="Uniqueness.cpp">
      <Filter>源文件</Filter>
    </ClCompile>
    <ClCompile Include="1001.cpp">
      <Filter>源文件\训练赛\8-30淘汰赛</Filter>
    </ClCompile>
    <ClCompile Include="1002.cpp">
      <Filter>源文件\训练赛\8-30淘汰赛</Filter>
    </ClCompile>
    <ClCompile Include="1003.cpp">
      <Filter>源文件\训练赛\8-30淘汰赛</Filter>
    </ClCompile>
    <ClCompile Include="1004.cpp">
      <Filter>源文件\训练赛\8-30淘汰赛</Filter>
    </ClCompile>
    <ClCompile Include="1005.cpp">
      <Filter>源文件\训练赛\8-30淘汰赛</Filter>
    </ClCompile>
    <ClCompile Include="1006.cpp">
      <Filter>源文件\训练赛\8-30淘汰赛</Filter>
    </ClCompile>
    <ClCompile Include="1007.cpp">
      <Filter>源文件\训练赛\8-30淘汰赛</Filter>
    </ClCompile>
    <ClCompile Include="1008.cpp">
      <Filter>源文件\训练赛\8-30淘汰赛</Filter>
    </ClCompile>
    <ClCompile Include="1009.cpp">
      <Filter>源文件\训练赛\8-30淘汰赛</Filter>
    </ClCompile>
    <ClCompile Include="1010.cpp">
      <Filter>源文件\训练赛\8-30淘汰赛</Filter>
    </ClCompile>
    <ClCompile Include="J.cpp">
      <Filter>源文件\训练赛\8-30淘汰赛</Filter>
    </ClCompile>
    <ClCompile Include="D.cpp">
      <Filter>源文件\训练赛\8-30淘汰赛</Filter>
    </ClCompile>
    <ClCompile Include="F.cpp">
      <Filter>源文件\训练赛\8-30淘汰赛</Filter>
    </ClCompile>
    <ClCompile Include="G.cpp">
      <Filter>源文件\训练赛\8-30淘汰赛</Filter>
    </ClCompile>
    <ClCompile Include="8-30A.cpp">
      <Filter>源文件\CodeForces\8-30 codeforces</Filter>
    </ClCompile>
    <ClCompile Include="8-30 B.cpp">
      <Filter>源文件\CodeForces\8-30 codeforces</Filter>
    </ClCompile>
    <ClCompile Include="YinChuanF.cpp">
      <Filter>源文件\The Preliminary Contest for ICPC Asia Nanjing 2019</Filter>
    </ClCompile>
    <ClCompile Include="YinChuanA.cpp">
      <Filter>源文件\The Preliminary Contest for ICPC Asia Nanjing 2019</Filter>
    </ClCompile>
    <ClCompile Include="YinChuanB.cpp">
      <Filter>源文件\The Preliminary Contest for ICPC Asia Nanjing 2019</Filter>
    </ClCompile>
    <ClCompile Include="YinChuanC.cpp">
      <Filter>源文件\The Preliminary Contest for ICPC Asia Nanjing 2019</Filter>
    </ClCompile>
    <ClCompile Include="YinChuanD.cpp">
      <Filter>源文件\The Preliminary Contest for ICPC Asia Nanjing 2019</Filter>
    </ClCompile>
    <ClCompile Include="YinChuanE.cpp">
      <Filter>源文件\The Preliminary Contest for ICPC Asia Nanjing 2019</Filter>
    </ClCompile>
    <ClCompile Include="A+B线段树.cpp">
      <Filter>源文件\The Preliminary Contest for ICPC Asia Nanjing 2019</Filter>
    </ClCompile>
    <ClCompile Include="xvzhou.cpp">
      <Filter>源文件\The Preliminary Contest for ICPC Asia Xuzhou 2019</Filter>
    </ClCompile>
    <ClCompile Include="xvzhouB.cpp">
      <Filter>源文件\The Preliminary Contest for ICPC Asia Xuzhou 2019</Filter>
    </ClCompile>
    <ClCompile Include="开心的金明.cpp">
      <Filter>源文件\AC</Filter>
    </ClCompile>
    <ClCompile Include="小A点菜.cpp">
      <Filter>源文件\AC</Filter>
    </ClCompile>
    <ClCompile Include="Bad Prices.cpp">
      <Filter>源文件\CodeForces\Pratice</Filter>
    </ClCompile>
    <ClCompile Include="PTA二分.cpp">
      <Filter>源文件\PTA</Filter>
    </ClCompile>
    <ClCompile Include="无敌模拟hello 2018 （CF 2016E）.cpp">
      <Filter>源文件\CodeForces\Pratice</Filter>
    </ClCompile>
    <ClCompile Include="小中大.cpp">
      <Filter>源文件\CCF</Filter>
    </ClCompile>
    <ClCompile Include="二十四点.cpp">
      <Filter>源文件\CCF</Filter>
    </ClCompile>
    <ClCompile Include="矿泉水.cpp">
      <Filter>源文件</Filter>
    </ClCompile>
    <ClCompile Include="小明上学.cpp">
      <Filter>源文件\CCF</Filter>
    </ClCompile>
    <ClCompile Include="简单线段树.cpp">
      <Filter>源文件</Filter>
    </ClCompile>
    <ClCompile Include="9-21 D.cpp">
      <Filter>源文件\CodeForces\9-21 codeforces</Filter>
    </ClCompile>
    <ClCompile Include="9-21 C.cpp">
      <Filter>源文件\CodeForces\9-21 codeforces</Filter>
    </ClCompile>
    <ClCompile Include="9-21 B.cpp">
      <Filter>源文件\CodeForces\9-21 codeforces</Filter>
    </ClCompile>
    <ClCompile Include="9-21 A.cpp">
      <Filter>源文件\CodeForces\9-21 codeforces</Filter>
    </ClCompile>
    <ClCompile Include="9-23 a.cpp">
      <Filter>源文件\CodeForces\9-23 codeforces 1230</Filter>
    </ClCompile>
    <ClCompile Include="9-22 A.cpp">
      <Filter>源文件\训练赛\9-22训练赛</Filter>
    </ClCompile>
    <ClCompile Include="9-22 B.cpp">
      <Filter>源文件\训练赛\9-22训练赛</Filter>
    </ClCompile>
    <ClCompile Include="9-22 C.cpp">
      <Filter>源文件\训练赛\9-22训练赛</Filter>
    </ClCompile>
    <ClCompile Include="9-22I.cpp">
      <Filter>源文件\训练赛\9-22训练赛</Filter>
    </ClCompile>
    <ClCompile Include="9-23 b.cpp">
      <Filter>源文件\CodeForces\9-23 codeforces 1230</Filter>
    </ClCompile>
    <ClCompile Include="9-23 C.cpp">
      <Filter>源文件\CodeForces\9-23 codeforces 1230</Filter>
    </ClCompile>
    <ClCompile Include="9-29A.cpp">
      <Filter>源文件\CodeForces\9-29 codeforces</Filter>
    </ClCompile>
    <ClCompile Include="Equalize Prices Again.cpp">
      <Filter>源文件\CodeForces\Pratice</Filter>
    </ClCompile>
    <ClCompile Include="Mafia.cpp">
      <Filter>源文件\CodeForces\Pratice</Filter>
    </ClCompile>
    <ClCompile Include="1221A.cpp">
      <Filter>源文件\CodeForces\Pratice</Filter>
    </ClCompile>
    <ClCompile Include="Broken Keyboard.cpp">
      <Filter>源文件\紫书</Filter>
    </ClCompile>
    <ClCompile Include="Cable Master.cpp">
      <Filter>源文件\训练赛\大二上学期训练</Filter>
    </ClCompile>
    <ClCompile Include="Jessica%27s Reading Problem .cpp">
      <Filter>源文件\训练赛\大二上学期训练</Filter>
    </ClCompile>
    <ClCompile Include="Marcin and Training Camp D.cpp">
      <Filter>源文件\CodeForces\9-23 codeforces 1230</Filter>
    </ClCompile>
    <ClCompile Include="4 Values Sum is 0.cpp">
      <Filter>源文件</Filter>
    </ClCompile>
    <ClCompile Include="P1464 Function.cpp">
      <Filter>源文件</Filter>
    </ClCompile>
    <ClCompile Include="P1141 01迷宫.cpp">
      <Filter>源文件</Filter>
    </ClCompile>
    <ClCompile Include="Best Cow Line.cpp">
      <Filter>源文件</Filter>
    </ClCompile>
    <ClCompile Include="面试奶牛.cpp">
      <Filter>源文件</Filter>
    </ClCompile>
    <ClCompile Include="面试水仙花.cpp">
      <Filter>源文件</Filter>
    </ClCompile>
    <ClCompile Include="鱼目混珠.cpp">
      <Filter>源文件\CometOj</Filter>
    </ClCompile>
    <ClCompile Include="宝可梦,就决定是你了.cpp">
      <Filter>源文件\CometOj</Filter>
    </ClCompile>
    <ClCompile Include="源.cpp">
      <Filter>源文件</Filter>
    </ClCompile>
    <ClCompile Include="10-13A.cpp">
      <Filter>源文件\CodeForces\10-13 codeforces</Filter>
    </ClCompile>
    <ClCompile Include="10-13B.cpp">
      <Filter>源文件\CodeForces\10-13 codeforces</Filter>
    </ClCompile>
    <ClCompile Include="10-13D.cpp">
      <Filter>源文件\CodeForces\10-13 codeforces</Filter>
    </ClCompile>
    <ClCompile Include="10-13C.cpp">
      <Filter>源文件\CodeForces\10-13 codeforces</Filter>
    </ClCompile>
    <ClCompile Include="Dragon of Loowater.cpp">
      <Filter>源文件\CodeForces</Filter>
    </ClCompile>
    <ClCompile Include="T神A.cpp">
      <Filter>源文件</Filter>
    </ClCompile>
    <ClCompile Include="Commando War.cpp">
      <Filter>源文件\紫书</Filter>
    </ClCompile>
    <ClCompile Include="Game Of Sum.cpp">
      <Filter>源文件\紫书</Filter>
    </ClCompile>
    <ClCompile Include="Face The Right Way.cpp">
      <Filter>源文件</Filter>
    </ClCompile>
    <ClCompile Include="Age Sort.cpp">
      <Filter>源文件\紫书</Filter>
    </ClCompile>
    <ClCompile Include="Help is needed for Dexter.cpp">
      <Filter>源文件\紫书</Filter>
    </ClCompile>
    <ClCompile Include="Spreading the Wealth.cpp">
      <Filter>源文件\紫书</Filter>
    </ClCompile>
    <ClCompile Include="Open Credit System.cpp">
      <Filter>源文件\紫书</Filter>
    </ClCompile>
    <ClCompile Include="Calculator Conundrum.cpp">
      <Filter>源文件\紫书</Filter>
    </ClCompile>
    <ClCompile Include="Ivan the Fool and the Probability Theory.cpp">
      <Filter>源文件</Filter>
    </ClCompile>
    <ClCompile Include="By Elevator or Stairs.cpp">
      <Filter>源文件</Filter>
    </ClCompile>
    <ClCompile Include="骚动时节的少女们.cpp">
      <Filter>源文件\CometOj</Filter>
    </ClCompile>
    <ClCompile Include="Gree的心房.cpp">
      <Filter>源文件\CodeForces</Filter>
    </ClCompile>
    <ClCompile Include="taobanji的题.cpp">
      <Filter>源文件</Filter>
    </ClCompile>
    <ClCompile Include="cojA.cpp">
      <Filter>源文件</Filter>
    </ClCompile>
    <ClCompile Include="贪吃蛇.cpp">
      <Filter>源文件</Filter>
    </ClCompile>
    <ClCompile Include="Piotr%27s Ants.cpp">
      <Filter>源文件\紫书</Filter>
    </ClCompile>
    <ClCompile Include="Fill the Square.cpp">
      <Filter>源文件\紫书</Filter>
    </ClCompile>
    <ClCompile Include="Subsequence.cpp">
      <Filter>源文件\紫书</Filter>
    </ClCompile>
    <ClCompile Include="Even Parity.cpp">
      <Filter>源文件\紫书</Filter>
    </ClCompile>
    <ClCompile Include="A Careful Approach.cpp">
      <Filter>源文件\紫书</Filter>
    </ClCompile>
    <ClCompile Include="食物链.cpp">
      <Filter>源文件</Filter>
    </ClCompile>
    <ClCompile Include="源1.cpp">
      <Filter>源文件</Filter>
    </ClCompile>
    <ClCompile Include="Super-palindrome.cpp">
      <Filter>源文件</Filter>
    </ClCompile>
    <ClCompile Include="Fence Repair.cpp">
      <Filter>源文件</Filter>
    </ClCompile>
    <ClCompile Include="Mafia联系.cpp">
      <Filter>源文件</Filter>
    </ClCompile>
  </ItemGroup>
  <ItemGroup>
    <Text Include="txt.txt">
      <Filter>资源文件</Filter>
    </Text>
  </ItemGroup>
</Project>